
Microsoft Visual Studio Solution File, Format Version 12.00
# Visual Studio 14
VisualStudioVersion = 14.0.24720.0
MinimumVisualStudioVersion = 10.0.40219.1
Project("{FAE04EC0-301F-11D3-BF4B-00C04F79EFBC}") = "01-OddOrEven", "01-OddOrEven\01-OddOrEven.csproj", "{EE50B290-0C5F-46B3-B5A4-BF916D246D64}"
EndProject
Project("{FAE04EC0-301F-11D3-BF4B-00C04F79EFBC}") = "02-MoonGravity", "02-MoonGravity\02-MoonGravity.csproj", "{F5B4B130-D389-49B5-BF62-D2ED9E5AF50C}"
EndProject
Project("{FAE04EC0-301F-11D3-BF4B-00C04F79EFBC}") = "03-DivideBy7And5", "03-DivideBy7And5\03-DivideBy7And5.csproj", "{8157651D-81C3-4562-8067-938B36E8566C}"
EndProject
Project("{FAE04EC0-301F-11D3-BF4B-00C04F79EFBC}") = "04-Rectangles", "04-Rectangles\04-Rectangles.csproj", "{6D132740-870C-4C00-A2D7-81BA7E6D3E5D}"
EndProject
Project("{FAE04EC0-301F-11D3-BF4B-00C04F79EFBC}") = "05-ThirdDigit", "05-ThirdDigit\05-ThirdDigit.csproj", "{F89CFAB5-59A7-42CD-AACF-79CDED60378B}"
EndProject
Project("{FAE04EC0-301F-11D3-BF4B-00C04F79EFBC}") = "06-FourDigits", "06-FourDigits\06-FourDigits.csproj", "{9FF8DEC0-E1E5-4CBF-9908-F8380E935D94}"
EndProject
Project("{FAE04EC0-301F-11D3-BF4B-00C04F79EFBC}") = "07-PointInACircle", "07-PointInACircle\07-PointInACircle.csproj", "{D1AB1B53-C41E-4613-BB0F-39EBB3EDF9EB}"
EndProject
Project("{FAE04EC0-301F-11D3-BF4B-00C04F79EFBC}") = "08-PrimeCheck", "08-PrimeCheck\08-PrimeCheck.csproj", "{E45933D5-FB11-4FDA-BA74-DF6667F7D8C1}"
EndProject
Project("{FAE04EC0-301F-11D3-BF4B-00C04F79EFBC}") = "09-Trapezoids", "09-Trapezoids\09-Trapezoids.csproj", "{F0F3820A-E6A7-45E8-AD3B-55D464B8901D}"
EndProject
Project("{FAE04EC0-301F-11D3-BF4B-00C04F79EFBC}") = "10-PointCircleRectangle", "10-PointCircleRectangle\10-PointCircleRectangle.csproj", "{11463CE8-B542-4E56-8455-F3844025BE46}"
EndProject
Global
	GlobalSection(SolutionConfigurationPlatforms) = preSolution
		Debug|Any CPU = Debug|Any CPU
		Release|Any CPU = Release|Any CPU
	EndGlobalSection
	GlobalSection(ProjectConfigurationPlatforms) = postSolution
		{EE50B290-0C5F-46B3-B5A4-BF916D246D64}.Debug|Any CPU.ActiveCfg = Debug|Any CPU
		{EE50B290-0C5F-46B3-B5A4-BF916D246D64}.Debug|Any CPU.Build.0 = Debug|Any CPU
		{EE50B290-0C5F-46B3-B5A4-BF916D246D64}.Release|Any CPU.ActiveCfg = Release|Any CPU
		{EE50B290-0C5F-46B3-B5A4-BF916D246D64}.Release|Any CPU.Build.0 = Release|Any CPU
		{F5B4B130-D389-49B5-BF62-D2ED9E5AF50C}.Debug|Any CPU.ActiveCfg = Debug|Any CPU
		{F5B4B130-D389-49B5-BF62-D2ED9E5AF50C}.Debug|Any CPU.Build.0 = Debug|Any CPU
		{F5B4B130-D389-49B5-BF62-D2ED9E5AF50C}.Release|Any CPU.ActiveCfg = Release|Any CPU
		{F5B4B130-D389-49B5-BF62-D2ED9E5AF50C}.Release|Any CPU.Build.0 = Release|Any CPU
		{8157651D-81C3-4562-8067-938B36E8566C}.Debug|Any CPU.ActiveCfg = Debug|Any CPU
		{8157651D-81C3-4562-8067-938B36E8566C}.Debug|Any CPU.Build.0 = Debug|Any CPU
		{8157651D-81C3-4562-8067-938B36E8566C}.Release|Any CPU.ActiveCfg = Release|Any CPU
		{8157651D-81C3-4562-8067-938B36E8566C}.Release|Any CPU.Build.0 = Release|Any CPU
		{6D132740-870C-4C00-A2D7-81BA7E6D3E5D}.Debug|Any CPU.ActiveCfg = Debug|Any CPU
		{6D132740-870C-4C00-A2D7-81BA7E6D3E5D}.Debug|Any CPU.Build.0 = Debug|Any CPU
		{6D132740-870C-4C00-A2D7-81BA7E6D3E5D}.Release|Any CPU.ActiveCfg = Release|Any CPU
		{6D132740-870C-4C00-A2D7-81BA7E6D3E5D}.Release|Any CPU.Build.0 = Release|Any CPU
		{F89CFAB5-59A7-42CD-AACF-79CDED60378B}.Debug|Any CPU.ActiveCfg = Debug|Any CPU
		{F89CFAB5-59A7-42CD-AACF-79CDED60378B}.Debug|Any CPU.Build.0 = Debug|Any CPU
		{F89CFAB5-59A7-42CD-AACF-79CDED60378B}.Release|Any CPU.ActiveCfg = Release|Any CPU
		{F89CFAB5-59A7-42CD-AACF-79CDED60378B}.Release|Any CPU.Build.0 = Release|Any CPU
		{9FF8DEC0-E1E5-4CBF-9908-F8380E935D94}.Debug|Any CPU.ActiveCfg = Debug|Any CPU
		{9FF8DEC0-E1E5-4CBF-9908-F8380E935D94}.Debug|Any CPU.Build.0 = Debug|Any CPU
		{9FF8DEC0-E1E5-4CBF-9908-F8380E935D94}.Release|Any CPU.ActiveCfg = Release|Any CPU
		{9FF8DEC0-E1E5-4CBF-9908-F8380E935D94}.Release|Any CPU.Build.0 = Release|Any CPU
		{D1AB1B53-C41E-4613-BB0F-39EBB3EDF9EB}.Debug|Any CPU.ActiveCfg = Debug|Any CPU
		{D1AB1B53-C41E-4613-BB0F-39EBB3EDF9EB}.Debug|Any CPU.Build.0 = Debug|Any CPU
		{D1AB1B53-C41E-4613-BB0F-39EBB3EDF9EB}.Release|Any CPU.ActiveCfg = Release|Any CPU
		{D1AB1B53-C41E-4613-BB0F-39EBB3EDF9EB}.Release|Any CPU.Build.0 = Release|Any CPU
		{E45933D5-FB11-4FDA-BA74-DF6667F7D8C1}.Debug|Any CPU.ActiveCfg = Debug|Any CPU
		{E45933D5-FB11-4FDA-BA74-DF6667F7D8C1}.Debug|Any CPU.Build.0 = Debug|Any CPU
		{E45933D5-FB11-4FDA-BA74-DF6667F7D8C1}.Release|Any CPU.ActiveCfg = Release|Any CPU
		{E45933D5-FB11-4FDA-BA74-DF6667F7D8C1}.Release|Any CPU.Build.0 = Release|Any CPU
		{F0F3820A-E6A7-45E8-AD3B-55D464B8901D}.Debug|Any CPU.ActiveCfg = Debug|Any CPU
		{F0F3820A-E6A7-45E8-AD3B-55D464B8901D}.Debug|Any CPU.Build.0 = Debug|Any CPU
		{F0F3820A-E6A7-45E8-AD3B-55D464B8901D}.Release|Any CPU.ActiveCfg = Release|Any CPU
		{F0F3820A-E6A7-45E8-AD3B-55D464B8901D}.Release|Any CPU.Build.0 = Release|Any CPU
		{11463CE8-B542-4E56-8455-F3844025BE46}.Debug|Any CPU.ActiveCfg = Debug|Any CPU
		{11463CE8-B542-4E56-8455-F3844025BE46}.Debug|Any CPU.Build.0 = Debug|Any CPU
		{11463CE8-B542-4E56-8455-F3844025BE46}.Release|Any CPU.ActiveCfg = Release|Any CPU
		{11463CE8-B542-4E56-8455-F3844025BE46}.Release|Any CPU.Build.0 = Release|Any CPU
	EndGlobalSection
	GlobalSection(SolutionProperties) = preSolution
		HideSolutionNode = FALSE
	EndGlobalSection
EndGlobal
